
Microsoft Visual Studio Solution File, Format Version 10.00
# Visual Studio 2008
Project("{FAE04EC0-301F-11D3-BF4B-00C04F79EFBC}") = "VSMemoryDumpAddin", "VSMemoryDumpAddin\VSMemoryDumpAddin.csproj", "{9AF7DA46-3FF5-49A2-8BA2-C6B4C432C26D}"
EndProject
Global
	GlobalSection(SolutionConfigurationPlatforms) = preSolution
		Debug|Any CPU = Debug|Any CPU
		Release|Any CPU = Release|Any CPU
	EndGlobalSection
	GlobalSection(ProjectConfigurationPlatforms) = postSolution
		{9AF7DA46-3FF5-49A2-8BA2-C6B4C432C26D}.Debug|Any CPU.ActiveCfg = Debug|Any CPU
		{9AF7DA46-3FF5-49A2-8BA2-C6B4C432C26D}.Debug|Any CPU.Build.0 = Debug|Any CPU
		{9AF7DA46-3FF5-49A2-8BA2-C6B4C432C26D}.Release|Any CPU.ActiveCfg = Release|Any CPU
		{9AF7DA46-3FF5-49A2-8BA2-C6B4C432C26D}.Release|Any CPU.Build.0 = Release|Any CPU
	EndGlobalSection
	GlobalSection(SolutionProperties) = preSolution
		HideSolutionNode = FALSE
	EndGlobalSection
EndGlobal
