
Microsoft Visual Studio Solution File, Format Version 11.00
# Visual Studio 2010
Project("{FAE04EC0-301F-11D3-BF4B-00C04F79EFBC}") = "VSDebugHelper", "VSDebugHelper\VSDebugHelper.csproj", "{9AF7DA46-3FF5-49A2-8BA2-C6B4C432C26D}"
EndProject
Project("{8BC9CEB8-8B4A-11D0-8D11-00A0C91BC942}") = "TestProjectCpp", "TestProjectCpp\TestProjectCpp.vcxproj", "{F1C4BD7E-48CC-43F5-A789-B607419977D1}"
EndProject
Project("{FAE04EC0-301F-11D3-BF4B-00C04F79EFBC}") = "VSDebugHelperVSIX", "VSDebugHelperVSIX\VSDebugHelperVSIX.csproj", "{CAF09602-0527-4C1E-8691-45B38CEAA066}"
EndProject
Project("{54435603-DBB4-11D2-8724-00A0C9A8B90C}") = "VSDebugHelperSetup", "VSDebugHelperSetup\VSDebugHelperSetup.vdproj", "{A0564BD9-2E7B-43D2-AAE4-37B211CCC149}"
EndProject
Global
	GlobalSection(TestCaseManagementSettings) = postSolution
		CategoryFile = vsmemdump.vs10.vsmdi
	EndGlobalSection
	GlobalSection(SolutionConfigurationPlatforms) = preSolution
		Debug|Any CPU = Debug|Any CPU
		Debug|Mixed Platforms = Debug|Mixed Platforms
		Debug|Win32 = Debug|Win32
		Release|Any CPU = Release|Any CPU
		Release|Mixed Platforms = Release|Mixed Platforms
		Release|Win32 = Release|Win32
	EndGlobalSection
	GlobalSection(ProjectConfigurationPlatforms) = postSolution
		{9AF7DA46-3FF5-49A2-8BA2-C6B4C432C26D}.Debug|Any CPU.ActiveCfg = Debug|Any CPU
		{9AF7DA46-3FF5-49A2-8BA2-C6B4C432C26D}.Debug|Any CPU.Build.0 = Debug|Any CPU
		{9AF7DA46-3FF5-49A2-8BA2-C6B4C432C26D}.Debug|Mixed Platforms.ActiveCfg = Debug|Any CPU
		{9AF7DA46-3FF5-49A2-8BA2-C6B4C432C26D}.Debug|Mixed Platforms.Build.0 = Debug|Any CPU
		{9AF7DA46-3FF5-49A2-8BA2-C6B4C432C26D}.Debug|Win32.ActiveCfg = Debug|Any CPU
		{9AF7DA46-3FF5-49A2-8BA2-C6B4C432C26D}.Release|Any CPU.ActiveCfg = Release|Any CPU
		{9AF7DA46-3FF5-49A2-8BA2-C6B4C432C26D}.Release|Any CPU.Build.0 = Release|Any CPU
		{9AF7DA46-3FF5-49A2-8BA2-C6B4C432C26D}.Release|Mixed Platforms.ActiveCfg = Release|Any CPU
		{9AF7DA46-3FF5-49A2-8BA2-C6B4C432C26D}.Release|Mixed Platforms.Build.0 = Release|Any CPU
		{9AF7DA46-3FF5-49A2-8BA2-C6B4C432C26D}.Release|Win32.ActiveCfg = Release|Any CPU
		{F1C4BD7E-48CC-43F5-A789-B607419977D1}.Debug|Any CPU.ActiveCfg = Debug|Win32
		{F1C4BD7E-48CC-43F5-A789-B607419977D1}.Debug|Mixed Platforms.ActiveCfg = Debug|Win32
		{F1C4BD7E-48CC-43F5-A789-B607419977D1}.Debug|Mixed Platforms.Build.0 = Debug|Win32
		{F1C4BD7E-48CC-43F5-A789-B607419977D1}.Debug|Win32.ActiveCfg = Debug|Win32
		{F1C4BD7E-48CC-43F5-A789-B607419977D1}.Debug|Win32.Build.0 = Debug|Win32
		{F1C4BD7E-48CC-43F5-A789-B607419977D1}.Release|Any CPU.ActiveCfg = Release|Win32
		{F1C4BD7E-48CC-43F5-A789-B607419977D1}.Release|Mixed Platforms.ActiveCfg = Release|Win32
		{F1C4BD7E-48CC-43F5-A789-B607419977D1}.Release|Mixed Platforms.Build.0 = Release|Win32
		{F1C4BD7E-48CC-43F5-A789-B607419977D1}.Release|Win32.ActiveCfg = Release|Win32
		{F1C4BD7E-48CC-43F5-A789-B607419977D1}.Release|Win32.Build.0 = Release|Win32
		{CAF09602-0527-4C1E-8691-45B38CEAA066}.Debug|Any CPU.ActiveCfg = Debug|Any CPU
		{CAF09602-0527-4C1E-8691-45B38CEAA066}.Debug|Any CPU.Build.0 = Debug|Any CPU
		{CAF09602-0527-4C1E-8691-45B38CEAA066}.Debug|Mixed Platforms.ActiveCfg = Debug|Any CPU
		{CAF09602-0527-4C1E-8691-45B38CEAA066}.Debug|Mixed Platforms.Build.0 = Debug|Any CPU
		{CAF09602-0527-4C1E-8691-45B38CEAA066}.Debug|Win32.ActiveCfg = Debug|Any CPU
		{CAF09602-0527-4C1E-8691-45B38CEAA066}.Release|Any CPU.ActiveCfg = Release|Any CPU
		{CAF09602-0527-4C1E-8691-45B38CEAA066}.Release|Any CPU.Build.0 = Release|Any CPU
		{CAF09602-0527-4C1E-8691-45B38CEAA066}.Release|Mixed Platforms.ActiveCfg = Release|Any CPU
		{CAF09602-0527-4C1E-8691-45B38CEAA066}.Release|Mixed Platforms.Build.0 = Release|Any CPU
		{CAF09602-0527-4C1E-8691-45B38CEAA066}.Release|Win32.ActiveCfg = Release|Any CPU
		{A0564BD9-2E7B-43D2-AAE4-37B211CCC149}.Debug|Any CPU.ActiveCfg = Debug
		{A0564BD9-2E7B-43D2-AAE4-37B211CCC149}.Debug|Mixed Platforms.ActiveCfg = Debug
		{A0564BD9-2E7B-43D2-AAE4-37B211CCC149}.Debug|Win32.ActiveCfg = Debug
		{A0564BD9-2E7B-43D2-AAE4-37B211CCC149}.Release|Any CPU.ActiveCfg = Release
		{A0564BD9-2E7B-43D2-AAE4-37B211CCC149}.Release|Mixed Platforms.ActiveCfg = Release
		{A0564BD9-2E7B-43D2-AAE4-37B211CCC149}.Release|Win32.ActiveCfg = Release
	EndGlobalSection
	GlobalSection(SolutionProperties) = preSolution
		HideSolutionNode = FALSE
	EndGlobalSection
EndGlobal
